
Microsoft Visual Studio Solution File, Format Version 12.00
# Visual Studio Version 16
VisualStudioVersion = 16.0.29418.71
MinimumVisualStudioVersion = 10.0.40219.1
Project("{FAE04EC0-301F-11D3-BF4B-00C04F79EFBC}") = "StudentGuidence", "StudentGuidence\StudentGuidence.csproj", "{23D68A42-693A-40D8-8D91-FB69EDDA8C4A}"
EndProject
Project("{FAE04EC0-301F-11D3-BF4B-00C04F79EFBC}") = "StudentGuidence.Models", "StudentGuidence.Models\StudentGuidence.Models.csproj", "{9DCED224-FF8E-452C-AE99-C3328A300C9B}"
EndProject
Project("{FAE04EC0-301F-11D3-BF4B-00C04F79EFBC}") = "StudentGuidence.DataAccess", "StudentGuidence.DataAccess\StudentGuidence.DataAccess.csproj", "{21CF9E97-25D2-4409-BF37-41F04713B94B}"
EndProject
Global
	GlobalSection(SolutionConfigurationPlatforms) = preSolution
		Debug|Any CPU = Debug|Any CPU
		Release|Any CPU = Release|Any CPU
	EndGlobalSection
	GlobalSection(ProjectConfigurationPlatforms) = postSolution
		{23D68A42-693A-40D8-8D91-FB69EDDA8C4A}.Debug|Any CPU.ActiveCfg = Debug|Any CPU
		{23D68A42-693A-40D8-8D91-FB69EDDA8C4A}.Debug|Any CPU.Build.0 = Debug|Any CPU
		{23D68A42-693A-40D8-8D91-FB69EDDA8C4A}.Release|Any CPU.ActiveCfg = Release|Any CPU
		{23D68A42-693A-40D8-8D91-FB69EDDA8C4A}.Release|Any CPU.Build.0 = Release|Any CPU
		{9DCED224-FF8E-452C-AE99-C3328A300C9B}.Debug|Any CPU.ActiveCfg = Debug|Any CPU
		{9DCED224-FF8E-452C-AE99-C3328A300C9B}.Debug|Any CPU.Build.0 = Debug|Any CPU
		{9DCED224-FF8E-452C-AE99-C3328A300C9B}.Release|Any CPU.ActiveCfg = Release|Any CPU
		{9DCED224-FF8E-452C-AE99-C3328A300C9B}.Release|Any CPU.Build.0 = Release|Any CPU
		{21CF9E97-25D2-4409-BF37-41F04713B94B}.Debug|Any CPU.ActiveCfg = Debug|Any CPU
		{21CF9E97-25D2-4409-BF37-41F04713B94B}.Debug|Any CPU.Build.0 = Debug|Any CPU
		{21CF9E97-25D2-4409-BF37-41F04713B94B}.Release|Any CPU.ActiveCfg = Release|Any CPU
		{21CF9E97-25D2-4409-BF37-41F04713B94B}.Release|Any CPU.Build.0 = Release|Any CPU
	EndGlobalSection
	GlobalSection(SolutionProperties) = preSolution
		HideSolutionNode = FALSE
	EndGlobalSection
	GlobalSection(ExtensibilityGlobals) = postSolution
		SolutionGuid = {A7614D20-4933-4C49-A202-6A9EDB5A0246}
	EndGlobalSection
EndGlobal
